
Microsoft Visual Studio Solution File, Format Version 12.00
# Visual Studio Version 17
VisualStudioVersion = 17.3.32825.248
MinimumVisualStudioVersion = 10.0.40219.1
Project("{FAE04EC0-301F-11D3-BF4B-00C04F79EFBC}") = "MyClass", "MyClass\MyClass.csproj", "{E098B90A-53AE-4A8A-9332-A01ECAA4E3F4}"
EndProject
Project("{FAE04EC0-301F-11D3-BF4B-00C04F79EFBC}") = "MyClassTest", "FileProcessTest\MyClassTest.csproj", "{DFDA60D3-C935-4DCA-AE3E-0CB335AEE1E4}"
EndProject
Global
	GlobalSection(SolutionConfigurationPlatforms) = preSolution
		Debug|Any CPU = Debug|Any CPU
		Release|Any CPU = Release|Any CPU
	EndGlobalSection
	GlobalSection(ProjectConfigurationPlatforms) = postSolution
		{E098B90A-53AE-4A8A-9332-A01ECAA4E3F4}.Debug|Any CPU.ActiveCfg = Debug|Any CPU
		{E098B90A-53AE-4A8A-9332-A01ECAA4E3F4}.Debug|Any CPU.Build.0 = Debug|Any CPU
		{E098B90A-53AE-4A8A-9332-A01ECAA4E3F4}.Release|Any CPU.ActiveCfg = Release|Any CPU
		{E098B90A-53AE-4A8A-9332-A01ECAA4E3F4}.Release|Any CPU.Build.0 = Release|Any CPU
		{DFDA60D3-C935-4DCA-AE3E-0CB335AEE1E4}.Debug|Any CPU.ActiveCfg = Debug|Any CPU
		{DFDA60D3-C935-4DCA-AE3E-0CB335AEE1E4}.Debug|Any CPU.Build.0 = Debug|Any CPU
		{DFDA60D3-C935-4DCA-AE3E-0CB335AEE1E4}.Release|Any CPU.ActiveCfg = Release|Any CPU
		{DFDA60D3-C935-4DCA-AE3E-0CB335AEE1E4}.Release|Any CPU.Build.0 = Release|Any CPU
	EndGlobalSection
	GlobalSection(SolutionProperties) = preSolution
		HideSolutionNode = FALSE
	EndGlobalSection
	GlobalSection(ExtensibilityGlobals) = postSolution
		SolutionGuid = {561FAA08-4DEE-4D1F-8FD5-E4624D887607}
	EndGlobalSection
EndGlobal
